
Microsoft Visual Studio Solution File, Format Version 12.00
# Visual Studio Version 16
VisualStudioVersion = 16.0.31112.23
MinimumVisualStudioVersion = 10.0.40219.1
Project("{FAE04EC0-301F-11D3-BF4B-00C04F79EFBC}") = "StarbuzzCoffee", "StarbuzzCoffee\StarbuzzCoffee.csproj", "{55E39BC6-E807-4A91-9DB7-73853A444E71}"
EndProject
Project("{FAE04EC0-301F-11D3-BF4B-00C04F79EFBC}") = "DesignPatternConsoleUI", "DesignPatternConsoleUI\DesignPatternConsoleUI.csproj", "{209D4E47-ADFB-45FD-AE7F-445FF10E23D6}"
EndProject
Global
	GlobalSection(SolutionConfigurationPlatforms) = preSolution
		Debug|Any CPU = Debug|Any CPU
		Release|Any CPU = Release|Any CPU
	EndGlobalSection
	GlobalSection(ProjectConfigurationPlatforms) = postSolution
		{55E39BC6-E807-4A91-9DB7-73853A444E71}.Debug|Any CPU.ActiveCfg = Debug|Any CPU
		{55E39BC6-E807-4A91-9DB7-73853A444E71}.Debug|Any CPU.Build.0 = Debug|Any CPU
		{55E39BC6-E807-4A91-9DB7-73853A444E71}.Release|Any CPU.ActiveCfg = Release|Any CPU
		{55E39BC6-E807-4A91-9DB7-73853A444E71}.Release|Any CPU.Build.0 = Release|Any CPU
		{209D4E47-ADFB-45FD-AE7F-445FF10E23D6}.Debug|Any CPU.ActiveCfg = Debug|Any CPU
		{209D4E47-ADFB-45FD-AE7F-445FF10E23D6}.Debug|Any CPU.Build.0 = Debug|Any CPU
		{209D4E47-ADFB-45FD-AE7F-445FF10E23D6}.Release|Any CPU.ActiveCfg = Release|Any CPU
		{209D4E47-ADFB-45FD-AE7F-445FF10E23D6}.Release|Any CPU.Build.0 = Release|Any CPU
	EndGlobalSection
	GlobalSection(SolutionProperties) = preSolution
		HideSolutionNode = FALSE
	EndGlobalSection
	GlobalSection(ExtensibilityGlobals) = postSolution
		SolutionGuid = {3F3CBA89-BD05-4802-8014-2436097C614D}
	EndGlobalSection
EndGlobal
